
Microsoft Visual Studio Solution File, Format Version 11.00
# Visual Studio 2010
Project("{FAE04EC0-301F-11D3-BF4B-00C04F79EFBC}") = "CommonWinSrv.Core", "src\CommonWinSrv.Core\CommonWinSrv.Core.csproj", "{9158DA8F-C3D8-4C8A-BD65-9E4D3A2D2AF4}"
EndProject
Project("{2150E333-8FDC-42A3-9474-1A3956D46DE8}") = "src", "src", "{4F74AD1A-7AFB-486A-B643-D570C8F09B2C}"
EndProject
Project("{FAE04EC0-301F-11D3-BF4B-00C04F79EFBC}") = "CommonWinSrv.Runner", "src\CommonWinSrv.Runner\CommonWinSrv.Runner.csproj", "{E272CA55-1766-45B8-B014-38EB358F57B6}"
EndProject
Project("{2150E333-8FDC-42A3-9474-1A3956D46DE8}") = "Examples", "Examples", "{00B2D32F-F730-4553-8A62-D552BF9B1268}"
EndProject
Project("{2150E333-8FDC-42A3-9474-1A3956D46DE8}") = "Tools", "Tools", "{CC04A927-7799-4FC5-BBC1-1C5415811BD6}"
EndProject
Global
	GlobalSection(SolutionConfigurationPlatforms) = preSolution
		Debug|Any CPU = Debug|Any CPU
		Debug|Mixed Platforms = Debug|Mixed Platforms
		Debug|x86 = Debug|x86
		Release|Any CPU = Release|Any CPU
		Release|Mixed Platforms = Release|Mixed Platforms
		Release|x86 = Release|x86
	EndGlobalSection
	GlobalSection(ProjectConfigurationPlatforms) = postSolution
		{9158DA8F-C3D8-4C8A-BD65-9E4D3A2D2AF4}.Debug|Any CPU.ActiveCfg = Debug|Any CPU
		{9158DA8F-C3D8-4C8A-BD65-9E4D3A2D2AF4}.Debug|Any CPU.Build.0 = Debug|Any CPU
		{9158DA8F-C3D8-4C8A-BD65-9E4D3A2D2AF4}.Debug|Mixed Platforms.ActiveCfg = Debug|Any CPU
		{9158DA8F-C3D8-4C8A-BD65-9E4D3A2D2AF4}.Debug|Mixed Platforms.Build.0 = Debug|Any CPU
		{9158DA8F-C3D8-4C8A-BD65-9E4D3A2D2AF4}.Debug|x86.ActiveCfg = Debug|Any CPU
		{9158DA8F-C3D8-4C8A-BD65-9E4D3A2D2AF4}.Release|Any CPU.ActiveCfg = Release|Any CPU
		{9158DA8F-C3D8-4C8A-BD65-9E4D3A2D2AF4}.Release|Any CPU.Build.0 = Release|Any CPU
		{9158DA8F-C3D8-4C8A-BD65-9E4D3A2D2AF4}.Release|Mixed Platforms.ActiveCfg = Release|Any CPU
		{9158DA8F-C3D8-4C8A-BD65-9E4D3A2D2AF4}.Release|Mixed Platforms.Build.0 = Release|Any CPU
		{9158DA8F-C3D8-4C8A-BD65-9E4D3A2D2AF4}.Release|x86.ActiveCfg = Release|Any CPU
		{E272CA55-1766-45B8-B014-38EB358F57B6}.Debug|Any CPU.ActiveCfg = Debug|x86
		{E272CA55-1766-45B8-B014-38EB358F57B6}.Debug|Mixed Platforms.ActiveCfg = Debug|x86
		{E272CA55-1766-45B8-B014-38EB358F57B6}.Debug|Mixed Platforms.Build.0 = Debug|x86
		{E272CA55-1766-45B8-B014-38EB358F57B6}.Debug|x86.ActiveCfg = Debug|x86
		{E272CA55-1766-45B8-B014-38EB358F57B6}.Debug|x86.Build.0 = Debug|x86
		{E272CA55-1766-45B8-B014-38EB358F57B6}.Release|Any CPU.ActiveCfg = Release|x86
		{E272CA55-1766-45B8-B014-38EB358F57B6}.Release|Mixed Platforms.ActiveCfg = Release|x86
		{E272CA55-1766-45B8-B014-38EB358F57B6}.Release|Mixed Platforms.Build.0 = Release|x86
		{E272CA55-1766-45B8-B014-38EB358F57B6}.Release|x86.ActiveCfg = Release|x86
		{E272CA55-1766-45B8-B014-38EB358F57B6}.Release|x86.Build.0 = Release|x86
	EndGlobalSection
	GlobalSection(SolutionProperties) = preSolution
		HideSolutionNode = FALSE
	EndGlobalSection
	GlobalSection(NestedProjects) = preSolution
		{9158DA8F-C3D8-4C8A-BD65-9E4D3A2D2AF4} = {4F74AD1A-7AFB-486A-B643-D570C8F09B2C}
	EndGlobalSection
EndGlobal
